# This file is automatically @generated by Cargo.
# It is not intended for manual editing.
version = 4

[[package]]
name = "nui-core"
version = "0.1.0"

[[package]]
name = "nui-layout-taffy"
version = "0.1.0"
dependencies = [
 "nui-core",
]

[[package]]
name = "nui-perry-bridge"
version = "0.1.0"
dependencies = [
 "nui-core",
]

[[package]]
name = "nui-platform-winit"
version = "0.1.0"
dependencies = [
 "nui-core",
]

[[package]]
name = "nui-render-skia"
version = "0.1.0"
dependencies = [
 "nui-core",
]

[[package]]
name = "rust-counter"
version = "0.1.0"
dependencies = [
 "nui-core",
 "nui-layout-taffy",
 "nui-platform-winit",
 "nui-render-skia",
]
