lockfileVersion: '9.0'

settings:
  autoInstallPeers: true
  excludeLinksFromLockfile: false

importers:

  .:
    devDependencies:
      prettier:
        specifier: ^3.6.2
        version: 3.9.6
      typescript:
        specifier: ^5.9.2
        version: 5.9.3

  examples/counter:
    dependencies:
      '@nexa/nui-host':
        specifier: workspace:*
        version: link:../../packages/nui-host
      '@nexa/ui':
        specifier: workspace:*
        version: link:../../packages/ui

  examples/perry-counter:
    dependencies:
      '@nexa/nui-host':
        specifier: workspace:*
        version: link:../../packages/nui-host

  examples/todo:
    dependencies:
      '@nexa/nui-host':
        specifier: workspace:*
        version: link:../../packages/nui-host
      '@nexa/ui':
        specifier: workspace:*
        version: link:../../packages/ui

  packages/adapter-react: {}

  packages/adapter-solid:
    dependencies:
      '@nexa/nui-host':
        specifier: workspace:*
        version: link:../nui-host
      solid-js:
        specifier: ^1.9.9
        version: 1.9.14

  packages/adapter-vue: {}

  packages/compiler-svelte: {}

  packages/nui-host: {}

  packages/system: {}

  packages/ui:
    dependencies:
      '@nexa/nui-host':
        specifier: workspace:*
        version: link:../nui-host

packages:

  csstype@3.2.3:
    resolution: {integrity: sha512-z1HGKcYy2xA8AGQfwrn0PAy+PB7X/GSj3UVJW9qKyn43xWa+gl5nXmU4qqLMRzWVLFC8KusUX8T/0kCiOYpAIQ==}

  prettier@3.9.6:
    resolution: {integrity: sha512-OpN0zzVdiaiAhxpuuj5efpIS4sY9j7bY6uR5mnj5yPzGkdkjNKSJeUThPb60Jw29QuAZgA4o+/iB49kFiaBX6g==}
    engines: {node: '>=14'}
    hasBin: true

  seroval-plugins@1.5.6:
    resolution: {integrity: sha512-HXuLAX2pu/UByPpaeo/TaMfvMIi+1QqIoPJYCcAtU8QkVNwgR6MPlGuCQTErV1JwraaMbYaWVIBX7mppzGLATQ==}
    engines: {node: '>=10'}
    peerDependencies:
      seroval: ^1.0

  seroval@1.5.6:
    resolution: {integrity: sha512-rVQVWjjSvlINzaQPZH5JFqsqEsIWdTxY3iJZCnTL/5gQbXIRooVZKI60tVCkOVfzcRPejboxO2t0P89dg5mQaA==}
    engines: {node: '>=10'}

  solid-js@1.9.14:
    resolution: {integrity: sha512-sAEXC0Kk0S1EDg+8ysEWJDbYhA3RRoEjwuySUGlKIemeo0I5YZfOyumNjNs9Sv3y2nmhD+0rW66ag2HsMuQiGQ==}

  typescript@5.9.3:
    resolution: {integrity: sha512-jl1vZzPDinLr9eUt3J/t7V6FgNEw9QjvBPdysz9KfQDD41fQrC2Y4vKQdiaUpFT4bXlb1RHhLpp8wtm6M5TgSw==}
    engines: {node: '>=14.17'}
    hasBin: true

snapshots:

  csstype@3.2.3: {}

  prettier@3.9.6: {}

  seroval-plugins@1.5.6(seroval@1.5.6):
    dependencies:
      seroval: 1.5.6

  seroval@1.5.6: {}

  solid-js@1.9.14:
    dependencies:
      csstype: 3.2.3
      seroval: 1.5.6
      seroval-plugins: 1.5.6(seroval@1.5.6)

  typescript@5.9.3: {}
